
Microsoft Visual Studio Solution File, Format Version 12.00
# Visual Studio Version 17
VisualStudioVersion = 17.14.36310.24
MinimumVisualStudioVersion = 10.0.40219.1
Project("{FAE04EC0-301F-11D3-BF4B-00C04F79EFBC}") = "ibadullah_ADO_NET 01. SqlConnection, SqlDataReader", "ibadullah_ADO_NET 01. SqlConnection, SqlDataReader\ibadullah_ADO_NET 01. SqlConnection, SqlDataReader.csproj", "{A17D06DE-FC6C-4762-8CE9-37977EB476BA}"
EndProject
Project("{2150E333-8FDC-42A3-9474-1A3956D46DE8}") = "ADO NET 01", "ADO NET 01", "{02EA681E-C7D8-13C7-8484-4AC65E1B71E8}"
EndProject
Project("{2150E333-8FDC-42A3-9474-1A3956D46DE8}") = "ADO NET 02", "ADO NET 02", "{10239861-101E-4EED-9BEC-CB7BBC9EA939}"
EndProject
Project("{2150E333-8FDC-42A3-9474-1A3956D46DE8}") = "ADO NET 03", "ADO NET 03", "{1E2C4AA3-7102-42A4-8010-152FAED11B30}"
EndProject
Project("{2150E333-8FDC-42A3-9474-1A3956D46DE8}") = "ADO NET 04", "ADO NET 04", "{08D431E9-2E82-412C-AF91-BBB853975DA6}"
EndProject
Project("{FAE04EC0-301F-11D3-BF4B-00C04F79EFBC}") = "ADO .NET 03. LINQ to Entites", "ADO .NET 03. LINQ to Entites\ADO .NET 03. LINQ to Entites.csproj", "{9829B981-C5B3-4215-924D-6E65DC6C19A6}"
EndProject
Project("{FAE04EC0-301F-11D3-BF4B-00C04F79EFBC}") = "ADO NET 04. Code First", "ADO NET 04. Code First\ADO NET 04. Code First.csproj", "{BF06E3FB-D588-4AFD-8AF9-6BA194FCA74B}"
EndProject
Project("{2150E333-8FDC-42A3-9474-1A3956D46DE8}") = "ADO NET 05", "ADO NET 05", "{FE726156-D2F1-4E01-B01B-413841D29C55}"
EndProject
Project("{FAE04EC0-301F-11D3-BF4B-00C04F79EFBC}") = "ADO .NET 05. Code First.Many to Many", "ADO .NET 05. Code First.One to Many\ADO .NET 05. Code First.Many to Many.csproj", "{BD9E6EEE-3C07-46E4-87D8-B61C4E657FF0}"
EndProject
Project("{FAE04EC0-301F-11D3-BF4B-00C04F79EFBC}") = "ADO .NET 05. Annotations", "ADO .NET 05. Annotations\ADO .NET 05. Annotations.csproj", "{1E412E76-7791-471E-BD2E-6AB6F323727E}"
EndProject
Project("{FAE04EC0-301F-11D3-BF4B-00C04F79EFBC}") = "ADO .NET 05 .Fluent API", "ADO .NET 05 .Fluent API\ADO .NET 05 .Fluent API.csproj", "{92F47F45-1E13-4802-A2D8-9ABF92C7441E}"
EndProject
Project("{2150E333-8FDC-42A3-9474-1A3956D46DE8}") = "ADO NET 06", "ADO NET 06", "{8C79A133-5B00-49C3-AF75-C0B0EDFB922E}"
EndProject
Project("{FAE04EC0-301F-11D3-BF4B-00C04F79EFBC}") = "ADO .NET 06. Migrations", "ADO .NET 06. Migrations\ADO .NET 06. Migrations.csproj", "{F9BE643E-CE1A-4599-BFBD-81F38FF31312}"
EndProject
Project("{FAE04EC0-301F-11D3-BF4B-00C04F79EFBC}") = "ADO .NET. Loadings. Eager loading", "ADO .NET. Loadings. Eager loading\ADO .NET. Loadings. Eager loading.csproj", "{0E934445-C10C-4E58-87A9-46ABD0316F30}"
EndProject
Global
	GlobalSection(SolutionConfigurationPlatforms) = preSolution
		Debug|Any CPU = Debug|Any CPU
		Release|Any CPU = Release|Any CPU
	EndGlobalSection
	GlobalSection(ProjectConfigurationPlatforms) = postSolution
		{A17D06DE-FC6C-4762-8CE9-37977EB476BA}.Debug|Any CPU.ActiveCfg = Debug|Any CPU
		{A17D06DE-FC6C-4762-8CE9-37977EB476BA}.Debug|Any CPU.Build.0 = Debug|Any CPU
		{A17D06DE-FC6C-4762-8CE9-37977EB476BA}.Release|Any CPU.ActiveCfg = Release|Any CPU
		{A17D06DE-FC6C-4762-8CE9-37977EB476BA}.Release|Any CPU.Build.0 = Release|Any CPU
		{9829B981-C5B3-4215-924D-6E65DC6C19A6}.Debug|Any CPU.ActiveCfg = Debug|Any CPU
		{9829B981-C5B3-4215-924D-6E65DC6C19A6}.Debug|Any CPU.Build.0 = Debug|Any CPU
		{9829B981-C5B3-4215-924D-6E65DC6C19A6}.Release|Any CPU.ActiveCfg = Release|Any CPU
		{9829B981-C5B3-4215-924D-6E65DC6C19A6}.Release|Any CPU.Build.0 = Release|Any CPU
		{BF06E3FB-D588-4AFD-8AF9-6BA194FCA74B}.Debug|Any CPU.ActiveCfg = Debug|Any CPU
		{BF06E3FB-D588-4AFD-8AF9-6BA194FCA74B}.Debug|Any CPU.Build.0 = Debug|Any CPU
		{BF06E3FB-D588-4AFD-8AF9-6BA194FCA74B}.Release|Any CPU.ActiveCfg = Release|Any CPU
		{BF06E3FB-D588-4AFD-8AF9-6BA194FCA74B}.Release|Any CPU.Build.0 = Release|Any CPU
		{BD9E6EEE-3C07-46E4-87D8-B61C4E657FF0}.Debug|Any CPU.ActiveCfg = Debug|Any CPU
		{BD9E6EEE-3C07-46E4-87D8-B61C4E657FF0}.Debug|Any CPU.Build.0 = Debug|Any CPU
		{BD9E6EEE-3C07-46E4-87D8-B61C4E657FF0}.Release|Any CPU.ActiveCfg = Release|Any CPU
		{BD9E6EEE-3C07-46E4-87D8-B61C4E657FF0}.Release|Any CPU.Build.0 = Release|Any CPU
		{1E412E76-7791-471E-BD2E-6AB6F323727E}.Debug|Any CPU.ActiveCfg = Debug|Any CPU
		{1E412E76-7791-471E-BD2E-6AB6F323727E}.Debug|Any CPU.Build.0 = Debug|Any CPU
		{1E412E76-7791-471E-BD2E-6AB6F323727E}.Release|Any CPU.ActiveCfg = Release|Any CPU
		{1E412E76-7791-471E-BD2E-6AB6F323727E}.Release|Any CPU.Build.0 = Release|Any CPU
		{92F47F45-1E13-4802-A2D8-9ABF92C7441E}.Debug|Any CPU.ActiveCfg = Debug|Any CPU
		{92F47F45-1E13-4802-A2D8-9ABF92C7441E}.Debug|Any CPU.Build.0 = Debug|Any CPU
		{92F47F45-1E13-4802-A2D8-9ABF92C7441E}.Release|Any CPU.ActiveCfg = Release|Any CPU
		{92F47F45-1E13-4802-A2D8-9ABF92C7441E}.Release|Any CPU.Build.0 = Release|Any CPU
		{F9BE643E-CE1A-4599-BFBD-81F38FF31312}.Debug|Any CPU.ActiveCfg = Debug|Any CPU
		{F9BE643E-CE1A-4599-BFBD-81F38FF31312}.Debug|Any CPU.Build.0 = Debug|Any CPU
		{F9BE643E-CE1A-4599-BFBD-81F38FF31312}.Release|Any CPU.ActiveCfg = Release|Any CPU
		{F9BE643E-CE1A-4599-BFBD-81F38FF31312}.Release|Any CPU.Build.0 = Release|Any CPU
		{0E934445-C10C-4E58-87A9-46ABD0316F30}.Debug|Any CPU.ActiveCfg = Debug|Any CPU
		{0E934445-C10C-4E58-87A9-46ABD0316F30}.Debug|Any CPU.Build.0 = Debug|Any CPU
		{0E934445-C10C-4E58-87A9-46ABD0316F30}.Release|Any CPU.ActiveCfg = Release|Any CPU
		{0E934445-C10C-4E58-87A9-46ABD0316F30}.Release|Any CPU.Build.0 = Release|Any CPU
	EndGlobalSection
	GlobalSection(SolutionProperties) = preSolution
		HideSolutionNode = FALSE
	EndGlobalSection
	GlobalSection(NestedProjects) = preSolution
		{A17D06DE-FC6C-4762-8CE9-37977EB476BA} = {02EA681E-C7D8-13C7-8484-4AC65E1B71E8}
		{9829B981-C5B3-4215-924D-6E65DC6C19A6} = {1E2C4AA3-7102-42A4-8010-152FAED11B30}
		{BF06E3FB-D588-4AFD-8AF9-6BA194FCA74B} = {08D431E9-2E82-412C-AF91-BBB853975DA6}
		{BD9E6EEE-3C07-46E4-87D8-B61C4E657FF0} = {FE726156-D2F1-4E01-B01B-413841D29C55}
		{1E412E76-7791-471E-BD2E-6AB6F323727E} = {FE726156-D2F1-4E01-B01B-413841D29C55}
		{92F47F45-1E13-4802-A2D8-9ABF92C7441E} = {FE726156-D2F1-4E01-B01B-413841D29C55}
		{F9BE643E-CE1A-4599-BFBD-81F38FF31312} = {8C79A133-5B00-49C3-AF75-C0B0EDFB922E}
		{0E934445-C10C-4E58-87A9-46ABD0316F30} = {8C79A133-5B00-49C3-AF75-C0B0EDFB922E}
	EndGlobalSection
	GlobalSection(ExtensibilityGlobals) = postSolution
		SolutionGuid = {65C72281-F9F7-4D11-9777-CA0A6605697F}
	EndGlobalSection
EndGlobal
